<?xml version="1.0" encoding="utf-8"?>
<Project ToolsVersion="4.0" xmlns="http://schemas.microsoft.com/developer/msbuild/2003">
  <ItemGroup>
    <Filter Include="Setup">
      <UniqueIdentifier>{6b0da91c-2e89-4df4-91d4-9d07aab92c4c}</UniqueIdentifier>
    </Filter>
    <Filter Include="Script">
      <UniqueIdentifier>{857585b3-3e70-40a4-bdd7-f2022700f420}</UniqueIdentifier>
    </Filter>
    <Filter Include="Script\Ai">
      <UniqueIdentifier>{22e6545c-70f5-48a4-8479-3c2c24935b40}</UniqueIdentifier>
    </Filter>
    <Filter Include="Script\PublicQuest">
      <UniqueIdentifier>{d84e0d63-1152-4d57-8079-8f739927847a}</UniqueIdentifier>
    </Filter>
    <Filter Include="Script\Items">
      <UniqueIdentifier>{90450504-cd28-4b88-8e91-9339b6821afc}</UniqueIdentifier>
    </Filter>
    <Filter Include="Script\Quests">
      <UniqueIdentifier>{96e6dc7f-3c40-4e12-bd29-f5f9ef7e3c30}</UniqueIdentifier>
    </Filter>
  </ItemGroup>
  <ItemGroup>
    <ClCompile Include="..\..\src\magdar-worldserver\scripts\BaseScript\Setup.cpp">
      <Filter>Setup</Filter>
    </ClCompile>
    <ClCompile Include="..\..\src\magdar-worldserver\scripts\BaseScript\Raven.cpp">
      <Filter>Script\Ai</Filter>
    </ClCompile>
    <ClCompile Include="..\..\src\magdar-worldserver\scripts\BaseScript\VillagerQuest.cpp">
      <Filter>Script\PublicQuest</Filter>
    </ClCompile>
    <ClCompile Include="..\..\src\magdar-worldserver\scripts\BaseScript\ItemScript.cpp">
      <Filter>Script\Items</Filter>
    </ClCompile>
    <ClCompile Include="..\..\src\magdar-worldserver\scripts\BaseScript\RavenHost.cpp">
      <Filter>Script\Quests</Filter>
    </ClCompile>
  </ItemGroup>
  <ItemGroup>
    <ClInclude Include="..\..\src\magdar-worldserver\scripts\BaseScript\Setup.h">
      <Filter>Setup</Filter>
    </ClInclude>
  </ItemGroup>
</Project>