<?xml version="1.0" encoding="utf-8"?>
<Project ToolsVersion="4.0" xmlns="http://schemas.microsoft.com/developer/msbuild/2003">
  <ItemGroup>
    <Filter Include="Launcher">
      <UniqueIdentifier>{1817e70a-1f1a-495c-b6ac-c6d73da99ca0}</UniqueIdentifier>
    </Filter>
    <Filter Include="LogonCom">
      <UniqueIdentifier>{4f6f0fc0-a784-4d13-862c-60ee5c114f1f}</UniqueIdentifier>
    </Filter>
    <Filter Include="Manager">
      <UniqueIdentifier>{3f3c4633-6b96-4eac-b0cd-ac2928983303}</UniqueIdentifier>
    </Filter>
    <Filter Include="ClientCom">
      <UniqueIdentifier>{6e57387b-adff-40b4-b04b-652b6bc51954}</UniqueIdentifier>
    </Filter>
    <Filter Include="Object">
      <UniqueIdentifier>{de347d16-2c72-4f00-9d27-97f416259c76}</UniqueIdentifier>
    </Filter>
    <Filter Include="Object\Player">
      <UniqueIdentifier>{a76099d8-a90f-4716-8fcc-bcb0beec5559}</UniqueIdentifier>
    </Filter>
    <Filter Include="Data">
      <UniqueIdentifier>{49cf4cd1-a966-4a06-aecd-33c0742dcbdf}</UniqueIdentifier>
    </Filter>
    <Filter Include="PacketHandler">
      <UniqueIdentifier>{f1e3aa5a-ab6e-4892-93b8-72c07255fd32}</UniqueIdentifier>
    </Filter>
    <Filter Include="PacketHandler\GmCommands">
      <UniqueIdentifier>{37793793-58db-4205-af88-385bd6af9e6f}</UniqueIdentifier>
    </Filter>
    <Filter Include="Brain">
      <UniqueIdentifier>{ff0f0b3f-faae-4e46-a86d-c904a0da70ce}</UniqueIdentifier>
    </Filter>
    <Filter Include="Map">
      <UniqueIdentifier>{6661537a-09f2-4fb0-a315-45fe1304a5b0}</UniqueIdentifier>
    </Filter>
    <Filter Include="Event">
      <UniqueIdentifier>{c4f47875-030e-45a3-af51-fe901f0f0bbc}</UniqueIdentifier>
    </Filter>
    <Filter Include="Spell">
      <UniqueIdentifier>{55705e4b-6acf-4029-9321-a6bd0b4d2cd9}</UniqueIdentifier>
    </Filter>
    <Filter Include="Scripting">
      <UniqueIdentifier>{25634ea9-2490-4e22-9346-ddb8fe89f766}</UniqueIdentifier>
    </Filter>
  </ItemGroup>
  <ItemGroup>
    <ClCompile Include="..\..\src\magdar-worldserver\Main.cpp">
      <Filter>Launcher</Filter>
    </ClCompile>
    <ClCompile Include="..\..\src\magdar-worldserver\WorldServer.cpp">
      <Filter>Launcher</Filter>
    </ClCompile>
    <ClCompile Include="..\..\src\magdar-worldserver\AuthLogon.cpp">
      <Filter>LogonCom</Filter>
    </ClCompile>
    <ClCompile Include="..\..\src\magdar-worldserver\EventHook.cpp">
      <Filter>Manager</Filter>
    </ClCompile>
    <ClCompile Include="..\..\src\magdar-worldserver\ObjMgr.cpp">
      <Filter>Manager</Filter>
    </ClCompile>
    <ClCompile Include="..\..\src\magdar-worldserver\QuestManager.cpp">
      <Filter>Manager</Filter>
    </ClCompile>
    <ClCompile Include="..\..\src\magdar-worldserver\StatsMgr.cpp">
      <Filter>Manager</Filter>
    </ClCompile>
    <ClCompile Include="..\..\src\magdar-worldserver\WorldRunnable.cpp">
      <Filter>Manager</Filter>
    </ClCompile>
    <ClCompile Include="..\..\src\magdar-worldserver\ClientCom.cpp">
      <Filter>ClientCom</Filter>
    </ClCompile>
    <ClCompile Include="..\..\src\magdar-worldserver\WorldSocket.cpp">
      <Filter>ClientCom</Filter>
    </ClCompile>
    <ClCompile Include="..\..\src\magdar-worldserver\Creature.cpp">
      <Filter>Object</Filter>
    </ClCompile>
    <ClCompile Include="..\..\src\magdar-worldserver\GameObject.cpp">
      <Filter>Object</Filter>
    </ClCompile>
    <ClCompile Include="..\..\src\magdar-worldserver\Object.cpp">
      <Filter>Object</Filter>
    </ClCompile>
    <ClCompile Include="..\..\src\magdar-worldserver\Player.cpp">
      <Filter>Object</Filter>
    </ClCompile>
    <ClCompile Include="..\..\src\magdar-worldserver\Unit.cpp">
      <Filter>Object</Filter>
    </ClCompile>
    <ClCompile Include="..\..\src\magdar-worldserver\Group.cpp">
      <Filter>Object\Player</Filter>
    </ClCompile>
    <ClCompile Include="..\..\src\magdar-worldserver\Item.cpp">
      <Filter>Object\Player</Filter>
    </ClCompile>
    <ClCompile Include="..\..\src\magdar-worldserver\QuestInterface.cpp">
      <Filter>Object\Player</Filter>
    </ClCompile>
    <ClCompile Include="..\..\src\magdar-worldserver\ProgressBar.cpp">
      <Filter>Data</Filter>
    </ClCompile>
    <ClCompile Include="..\..\src\magdar-worldserver\Storage.cpp">
      <Filter>Data</Filter>
    </ClCompile>
    <ClCompile Include="..\..\src\magdar-worldserver\CharacterHandler.cpp">
      <Filter>PacketHandler</Filter>
    </ClCompile>
    <ClCompile Include="..\..\src\magdar-worldserver\ChatHandler.cpp">
      <Filter>PacketHandler</Filter>
    </ClCompile>
    <ClCompile Include="..\..\src\magdar-worldserver\CombatHandler.cpp">
      <Filter>PacketHandler</Filter>
    </ClCompile>
    <ClCompile Include="..\..\src\magdar-worldserver\GroupHandler.cpp">
      <Filter>PacketHandler</Filter>
    </ClCompile>
    <ClCompile Include="..\..\src\magdar-worldserver\MovementHandler.cpp">
      <Filter>PacketHandler</Filter>
    </ClCompile>
    <ClCompile Include="..\..\src\magdar-worldserver\SocialHandler.cpp">
      <Filter>PacketHandler</Filter>
    </ClCompile>
    <ClCompile Include="..\..\src\magdar-worldserver\TradeHandler.cpp">
      <Filter>PacketHandler</Filter>
    </ClCompile>
    <ClCompile Include="..\..\src\magdar-worldserver\GoCommands.cpp">
      <Filter>PacketHandler\GmCommands</Filter>
    </ClCompile>
    <ClCompile Include="..\..\src\magdar-worldserver\NpcCommands.cpp">
      <Filter>PacketHandler\GmCommands</Filter>
    </ClCompile>
    <ClCompile Include="..\..\src\magdar-worldserver\PlayerCommands.cpp">
      <Filter>PacketHandler\GmCommands</Filter>
    </ClCompile>
    <ClCompile Include="..\..\src\magdar-worldserver\ServerCommands.cpp">
      <Filter>PacketHandler\GmCommands</Filter>
    </ClCompile>
    <ClCompile Include="..\..\src\magdar-worldserver\TeleportCommands.cpp">
      <Filter>PacketHandler\GmCommands</Filter>
    </ClCompile>
    <ClCompile Include="..\..\src\magdar-worldserver\AiInterface.cpp">
      <Filter>Brain</Filter>
    </ClCompile>
    <ClCompile Include="..\..\src\magdar-worldserver\CombatManager.cpp">
      <Filter>Brain</Filter>
    </ClCompile>
    <ClCompile Include="..\..\src\magdar-worldserver\CellMgr.cpp">
      <Filter>Map</Filter>
    </ClCompile>
    <ClCompile Include="..\..\src\magdar-worldserver\HeightField.cpp">
      <Filter>Map</Filter>
    </ClCompile>
    <ClCompile Include="..\..\src\magdar-worldserver\MapMgr.cpp">
      <Filter>Map</Filter>
    </ClCompile>
    <ClCompile Include="..\..\src\magdar-worldserver\ZoneMgr.cpp">
      <Filter>Map</Filter>
    </ClCompile>
    <ClCompile Include="..\..\src\magdar-worldserver\EventableObject.cpp">
      <Filter>Event</Filter>
    </ClCompile>
    <ClCompile Include="..\..\src\magdar-worldserver\EventMgr.cpp">
      <Filter>Event</Filter>
    </ClCompile>
    <ClCompile Include="..\..\src\magdar-worldserver\Ability.cpp">
      <Filter>Spell</Filter>
    </ClCompile>
    <ClCompile Include="..\..\src\magdar-worldserver\AbilityEffect.cpp">
      <Filter>Spell</Filter>
    </ClCompile>
    <ClCompile Include="..\..\src\magdar-worldserver\AbilityInterface.cpp">
      <Filter>Spell</Filter>
    </ClCompile>
    <ClCompile Include="..\..\src\magdar-worldserver\AbilityTarget.cpp">
      <Filter>Spell</Filter>
    </ClCompile>
    <ClCompile Include="..\..\src\magdar-worldserver\ScriptedAI.cpp">
      <Filter>Scripting</Filter>
    </ClCompile>
    <ClCompile Include="..\..\src\magdar-worldserver\ScriptedQuest.cpp">
      <Filter>Scripting</Filter>
    </ClCompile>
    <ClCompile Include="..\..\src\magdar-worldserver\ScriptMgr.cpp">
      <Filter>Scripting</Filter>
    </ClCompile>
    <ClCompile Include="..\..\src\magdar-worldserver\StdAfx.cpp" />
    <ClCompile Include="..\..\src\magdar-worldserver\BaseInventory.cpp">
      <Filter>Object\Player</Filter>
    </ClCompile>
    <ClCompile Include="..\..\src\magdar-worldserver\EquipedItem.cpp">
      <Filter>Object\Player</Filter>
    </ClCompile>
    <ClCompile Include="..\..\src\magdar-worldserver\Loot.cpp">
      <Filter>Object\Player</Filter>
    </ClCompile>
    <ClCompile Include="..\..\src\magdar-worldserver\AI_SimpleDB.cpp">
      <Filter>Brain</Filter>
    </ClCompile>
    <ClCompile Include="..\..\src\magdar-worldserver\InfluenceInterface.cpp">
      <Filter>Object\Player</Filter>
    </ClCompile>
    <ClCompile Include="..\..\src\magdar-worldserver\InteractHandler.cpp">
      <Filter>PacketHandler</Filter>
    </ClCompile>
    <ClCompile Include="..\..\src\magdar-worldserver\Inventory.cpp">
      <Filter>Object\Player</Filter>
    </ClCompile>
    <ClCompile Include="..\..\src\magdar-worldserver\ItemsInterface.cpp">
      <Filter>Object\Player</Filter>
    </ClCompile>
    <ClCompile Include="..\..\src\magdar-worldserver\MailInterface.cpp">
      <Filter>Object\Player</Filter>
    </ClCompile>
    <ClCompile Include="..\..\src\magdar-worldserver\PQScript.cpp">
      <Filter>Object\Player</Filter>
    </ClCompile>
    <ClCompile Include="..\..\src\magdar-worldserver\PQuest.cpp">
      <Filter>Object\Player</Filter>
    </ClCompile>
    <ClCompile Include="..\..\src\magdar-worldserver\ScriptedItem.cpp">
      <Filter>Manager</Filter>
    </ClCompile>
    <ClCompile Include="..\..\src\magdar-worldserver\TokInterface.cpp">
      <Filter>Object\Player</Filter>
    </ClCompile>
  </ItemGroup>
  <ItemGroup>
    <ClInclude Include="..\..\src\magdar-worldserver\MainServerDefines.h">
      <Filter>Launcher</Filter>
    </ClInclude>
    <ClInclude Include="..\..\src\magdar-worldserver\WorldServer.h">
      <Filter>Launcher</Filter>
    </ClInclude>
    <ClInclude Include="..\..\src\magdar-worldserver\AuthLogon.h">
      <Filter>LogonCom</Filter>
    </ClInclude>
    <ClInclude Include="..\..\src\magdar-worldserver\EventHook.h">
      <Filter>Manager</Filter>
    </ClInclude>
    <ClInclude Include="..\..\src\magdar-worldserver\ObjMgr.h">
      <Filter>Manager</Filter>
    </ClInclude>
    <ClInclude Include="..\..\src\magdar-worldserver\QuestManager.h">
      <Filter>Manager</Filter>
    </ClInclude>
    <ClInclude Include="..\..\src\magdar-worldserver\StatsMgr.h">
      <Filter>Manager</Filter>
    </ClInclude>
    <ClInclude Include="..\..\src\magdar-worldserver\WorldRunnable.h">
      <Filter>Manager</Filter>
    </ClInclude>
    <ClInclude Include="..\..\src\magdar-worldserver\ClientCom.h">
      <Filter>ClientCom</Filter>
    </ClInclude>
    <ClInclude Include="..\..\src\magdar-worldserver\WorldSocket.h">
      <Filter>ClientCom</Filter>
    </ClInclude>
    <ClInclude Include="..\..\src\magdar-worldserver\Creature.h">
      <Filter>Object</Filter>
    </ClInclude>
    <ClInclude Include="..\..\src\magdar-worldserver\GameObject.h">
      <Filter>Object</Filter>
    </ClInclude>
    <ClInclude Include="..\..\src\magdar-worldserver\Object.h">
      <Filter>Object</Filter>
    </ClInclude>
    <ClInclude Include="..\..\src\magdar-worldserver\Unit.h">
      <Filter>Object</Filter>
    </ClInclude>
    <ClInclude Include="..\..\src\magdar-worldserver\Group.h">
      <Filter>Object\Player</Filter>
    </ClInclude>
    <ClInclude Include="..\..\src\magdar-worldserver\Item.h">
      <Filter>Object\Player</Filter>
    </ClInclude>
    <ClInclude Include="..\..\src\magdar-worldserver\QuestInterface.h">
      <Filter>Object\Player</Filter>
    </ClInclude>
    <ClInclude Include="..\..\src\magdar-worldserver\FastQueue.h">
      <Filter>Data</Filter>
    </ClInclude>
    <ClInclude Include="..\..\src\magdar-shared\GameData.h">
      <Filter>Data</Filter>
    </ClInclude>
    <ClInclude Include="..\..\src\magdar-shared\InterOpcode.h">
      <Filter>Data</Filter>
    </ClInclude>
    <ClInclude Include="..\..\src\magdar-worldserver\Keeps.h">
      <Filter>Data</Filter>
    </ClInclude>
    <ClInclude Include="..\..\src\magdar-worldserver\Progressbar.h">
      <Filter>Data</Filter>
    </ClInclude>
    <ClInclude Include="..\..\src\magdar-worldserver\Storage.h">
      <Filter>Data</Filter>
    </ClInclude>
    <ClInclude Include="..\..\src\magdar-worldserver\SystemData.h">
      <Filter>Data</Filter>
    </ClInclude>
    <ClInclude Include="..\..\src\magdar-worldserver\ChatHandler.h">
      <Filter>PacketHandler</Filter>
    </ClInclude>
    <ClInclude Include="..\..\src\magdar-worldserver\AI_SimpleDB.h">
      <Filter>Brain</Filter>
    </ClInclude>
    <ClInclude Include="..\..\src\magdar-worldserver\AiInterface.h">
      <Filter>Brain</Filter>
    </ClInclude>
    <ClInclude Include="..\..\src\magdar-worldserver\CombatManager.h">
      <Filter>Brain</Filter>
    </ClInclude>
    <ClInclude Include="..\..\src\magdar-worldserver\CellMgr.h">
      <Filter>Map</Filter>
    </ClInclude>
    <ClInclude Include="..\..\src\magdar-worldserver\HeightField.h">
      <Filter>Map</Filter>
    </ClInclude>
    <ClInclude Include="..\..\src\magdar-worldserver\MapMgr.h">
      <Filter>Map</Filter>
    </ClInclude>
    <ClInclude Include="..\..\src\magdar-worldserver\ZoneMgr.h">
      <Filter>Map</Filter>
    </ClInclude>
    <ClInclude Include="..\..\src\magdar-worldserver\EventableObject.h">
      <Filter>Event</Filter>
    </ClInclude>
    <ClInclude Include="..\..\src\magdar-worldserver\EventMgr.h">
      <Filter>Event</Filter>
    </ClInclude>
    <ClInclude Include="..\..\src\magdar-worldserver\Ability.h">
      <Filter>Spell</Filter>
    </ClInclude>
    <ClInclude Include="..\..\src\magdar-worldserver\AbilityEffect.h">
      <Filter>Spell</Filter>
    </ClInclude>
    <ClInclude Include="..\..\src\magdar-worldserver\AbilityInterface.h">
      <Filter>Spell</Filter>
    </ClInclude>
    <ClInclude Include="..\..\src\magdar-worldserver\AbilityTarget.h">
      <Filter>Spell</Filter>
    </ClInclude>
    <ClInclude Include="..\..\src\magdar-worldserver\ScriptedAI.h">
      <Filter>Scripting</Filter>
    </ClInclude>
    <ClInclude Include="..\..\src\magdar-worldserver\ScriptedQuest.h">
      <Filter>Scripting</Filter>
    </ClInclude>
    <ClInclude Include="..\..\src\magdar-worldserver\ScriptMgr.h">
      <Filter>Scripting</Filter>
    </ClInclude>
    <ClInclude Include="..\..\src\magdar-worldserver\StdAfx.h" />
    <ClInclude Include="..\..\src\magdar-worldserver\Loot.h">
      <Filter>Object\Player</Filter>
    </ClInclude>
    <ClInclude Include="..\..\src\magdar-worldserver\AI_GenericCreature.h">
      <Filter>Brain</Filter>
    </ClInclude>
    <ClInclude Include="..\..\src\magdar-worldserver\InfluenceInterface.h">
      <Filter>Object\Player</Filter>
    </ClInclude>
    <ClInclude Include="..\..\src\magdar-worldserver\ItemsInterface.h">
      <Filter>Object\Player</Filter>
    </ClInclude>
    <ClInclude Include="..\..\src\magdar-worldserver\MailInterface.h">
      <Filter>Object\Player</Filter>
    </ClInclude>
    <ClInclude Include="..\..\src\magdar-worldserver\PQScript.h">
      <Filter>Object\Player</Filter>
    </ClInclude>
    <ClInclude Include="..\..\src\magdar-worldserver\PQuest.h">
      <Filter>Object\Player</Filter>
    </ClInclude>
    <ClInclude Include="..\..\src\magdar-worldserver\ScriptedItem.h">
      <Filter>Manager</Filter>
    </ClInclude>
    <ClInclude Include="..\..\src\magdar-worldserver\TokInterface.h">
      <Filter>Object</Filter>
    </ClInclude>
    <ClInclude Include="..\..\src\magdar-worldserver\Player.h">
      <Filter>Object\Player</Filter>
    </ClInclude>
  </ItemGroup>
</Project>