<?xml version="1.0" encoding="utf-8"?>
<Project ToolsVersion="4.0" xmlns="http://schemas.microsoft.com/developer/msbuild/2003">
  <ItemGroup>
    <Filter Include="Worldcom">
      <UniqueIdentifier>{d3b8a393-f792-4fb8-afcb-ce5251de68ad}</UniqueIdentifier>
    </Filter>
    <Filter Include="Clientcom">
      <UniqueIdentifier>{1870148c-42ab-4eea-8ac9-331e8278ed16}</UniqueIdentifier>
    </Filter>
    <Filter Include="Launcher">
      <UniqueIdentifier>{bfbf75f6-67da-4e82-ba91-4ad765c6359d}</UniqueIdentifier>
    </Filter>
    <Filter Include="Accounts">
      <UniqueIdentifier>{5cbd3e63-a40e-4eb0-b28a-f1a04c5a7fce}</UniqueIdentifier>
    </Filter>
  </ItemGroup>
  <ItemGroup>
    <ClCompile Include="..\..\src\magdar-logonserver\AuthWorld.cpp">
      <Filter>Worldcom</Filter>
    </ClCompile>
    <ClCompile Include="..\..\src\magdar-logonserver\InformationCore.cpp">
      <Filter>Worldcom</Filter>
    </ClCompile>
    <ClCompile Include="..\..\src\magdar-logonserver\AuthClient.cpp">
      <Filter>Clientcom</Filter>
    </ClCompile>
    <ClCompile Include="..\..\src\magdar-logonserver\LogonServer.cpp">
      <Filter>Launcher</Filter>
    </ClCompile>
    <ClCompile Include="..\..\src\magdar-logonserver\Main.cpp">
      <Filter>Launcher</Filter>
    </ClCompile>
    <ClCompile Include="..\..\src\magdar-logonserver\AccountMgr.cpp">
      <Filter>Accounts</Filter>
    </ClCompile>
    <ClCompile Include="..\..\src\magdar-logonserver\DatabaseMgr.cpp">
      <Filter>Accounts</Filter>
    </ClCompile>
    <ClCompile Include="..\..\src\magdar-logonserver\LogonStdafx.cpp" />
  </ItemGroup>
  <ItemGroup>
    <ClInclude Include="..\..\src\magdar-logonserver\AuthWorld.h">
      <Filter>Worldcom</Filter>
    </ClInclude>
    <ClInclude Include="..\..\src\magdar-logonserver\InformationCore.h">
      <Filter>Worldcom</Filter>
    </ClInclude>
    <ClInclude Include="..\..\src\magdar-logonserver\AuthClient.h">
      <Filter>Clientcom</Filter>
    </ClInclude>
    <ClInclude Include="..\..\src\magdar-logonserver\LogonServer.h">
      <Filter>Launcher</Filter>
    </ClInclude>
    <ClInclude Include="..\..\src\magdar-logonserver\AccountMgr.h">
      <Filter>Accounts</Filter>
    </ClInclude>
    <ClInclude Include="..\..\src\magdar-logonserver\DatabaseMgr.h">
      <Filter>Accounts</Filter>
    </ClInclude>
    <ClInclude Include="..\..\src\magdar-logonserver\LogonStdafx.h" />
  </ItemGroup>
</Project>